// !$*UTF8*$!
{
	archiveVersion = 1;
	classes = {
	};
	objectVersion = 46;
	objects = {

/* Begin PBXBuildFile section */
		04E25A5F1CCAD9BE00BE8E21 /* AppDelegate.swift in Sources */ = {isa = PBXBuildFile; fileRef = 04E25A5E1CCAD9BE00BE8E21 /* AppDelegate.swift */; };
		04E25A611CCAD9BE00BE8E21 /* ViewController.swift in Sources */ = {isa = PBXBuildFile; fileRef = 04E25A601CCAD9BE00BE8E21 /* ViewController.swift */; };
		04E25A641CCAD9BE00BE8E21 /* Main.storyboard in Resources */ = {isa = PBXBuildFile; fileRef = 04E25A621CCAD9BE00BE8E21 /* Main.storyboard */; };
		04E25A661CCAD9BE00BE8E21 /* Assets.xcassets in Resources */ = {isa = PBXBuildFile; fileRef = 04E25A651CCAD9BE00BE8E21 /* Assets.xcassets */; };
		04E25A691CCAD9BE00BE8E21 /* LaunchScreen.storyboard in Resources */ = {isa = PBXBuildFile; fileRef = 04E25A671CCAD9BE00BE8E21 /* LaunchScreen.storyboard */; };
/* End PBXBuildFile section */

/* Begin PBXFileReference section */
		04E25A5B1CCAD9BE00BE8E21 /* Something.app */ = {isa = PBXFileReference; explicitFileType = wrapper.application; includeInIndex = 0; path = Something.app; sourceTree = BUILT_PRODUCTS_DIR; };
		04E25A5E1CCAD9BE00BE8E21 /* AppDelegate.swift */ = {isa = PBXFileReference; lastKnownFileType = sourcecode.swift; path = AppDelegate.swift; sourceTree = "<group>"; };
		04E25A601CCAD9BE00BE8E21 /* ViewController.swift */ = {isa = PBXFileReference; lastKnownFileType = sourcecode.swift; path = ViewController.swift; sourceTree = "<group>"; };
		04E25A631CCAD9BE00BE8E21 /* Base */ = {isa = PBXFileReference; lastKnownFileType = file.storyboard; name = Base; path = Base.lproj/Main.storyboard; sourceTree = "<group>"; };
		04E25A651CCAD9BE00BE8E21 /* Assets.xcassets */ = {isa = PBXFileReference; lastKnownFileType = folder.assetcatalog; path = Assets.xcassets; sourceTree = "<group>"; };
		04E25A681CCAD9BE00BE8E21 /* Base */ = {isa = PBXFileReference; lastKnownFileType = file.storyboard; name = Base; path = Base.lproj/LaunchScreen.storyboard; sourceTree = "<group>"; };
		04E25A6A1CCAD9BE00BE8E21 /* Info.plist */ = {isa = PBXFileReference; lastKnownFileType = text.plist.xml; path = Info.plist; sourceTree = "<group>"; };
/* End PBXFileReference section */

/* Begin PBXFrameworksBuildPhase section */
		04E25A581CCAD9BE00BE8E21 /* Frameworks */ = {
			isa = PBXFrameworksBuildPhase;
			buildActionMask = 2147483647;
			files = (
			);
			runOnlyForDeploymentPostprocessing = 0;
		};
/* End PBXFrameworksBuildPhase section */

/* Begin PBXGroup section */
		04E25A521CCAD9BE00BE8E21 = {
			isa = PBXGroup;
			children = (
				04E25A5D1CCAD9BE00BE8E21 /* Something */,
				04E25A5C1CCAD9BE00BE8E21 /* Products */,
			);
			sourceTree = "<group>";
		};
		04E25A5C1CCAD9BE00BE8E21 /* Products */ = {
			isa = PBXGroup;
			children = (
				04E25A5B1CCAD9BE00BE8E21 /* Something.app */,
			);
			name = Products;
			sourceTree = "<group>";
		};
		04E25A5D1CCAD9BE00BE8E21 /* Something */ = {
			isa = PBXGroup;
			children = (
				04E25A5E1CCAD9BE00BE8E21 /* AppDelegate.swift */,
				04E25A601CCAD9BE00BE8E21 /* ViewController.swift */,
				04E25A621CCAD9BE00BE8E21 /* Main.storyboard */,
				04E25A651CCAD9BE00BE8E21 /* Assets.xcassets */,
				04E25A671CCAD9BE00BE8E21 /* LaunchScreen.storyboard */,
				04E25A6A1CCAD9BE00BE8E21 /* Info.plist */,
			);
			path = Something;
			sourceTree = "<group>";
		};
/* End PBXGroup section */

/* Begin PBXNativeTarget section */
		04E25A5A1CCAD9BE00BE8E21 /* Something */ = {
			isa = PBXNativeTarget;
			buildConfigurationList = 04E25A6D1CCAD9BE00BE8E21 /* Build configuration list for PBXNativeTarget "Something" */;
			buildPhases = (
				04E25A571CCAD9BE00BE8E21 /* Sources */,
				04E25A581CCAD9BE00BE8E21 /* Frameworks */,
				04E25A591CCAD9BE00BE8E21 /* Resources */,
			);
			buildRules = (
			);
			dependencies = (
			);
			name = Something;
			productName = Something;
			productReference = 04E25A5B1CCAD9BE00BE8E21 /* Something.app */;
			productType = "com.apple.product-type.application";
		};
/* End PBXNativeTarget section */

/* Begin PBXProject section */
		04E25A531CCAD9BE00BE8E21 /* Project object */ = {
			isa = PBXProject;
			attributes = {
				LastSwiftUpdateCheck = 0720;
				LastUpgradeCheck = 0720;
				ORGANIZATIONNAME = "泛舟水上";
				TargetAttributes = {
					04E25A5A1CCAD9BE00BE8E21 = {
						CreatedOnToolsVersion = 7.2;
						DevelopmentTeam = 287F2YJ3LE;
					};
				};
			};
			buildConfigurationList = 04E25A561CCAD9BE00BE8E21 /* Build configuration list for PBXProject "Something" */;
			compatibilityVersion = "Xcode 3.2";
			developmentRegion = English;
			hasScannedForEncodings = 0;
			knownRegions = (
				en,
				Base,
			);
			mainGroup = 04E25A521CCAD9BE00BE8E21;
			productRefGroup = 04E25A5C1CCAD9BE00BE8E21 /* Products */;
			projectDirPath = "";
			projectRoot = "";
			targets = (
				04E25A5A1CCAD9BE00BE8E21 /* Something */,
			);
		};
/* End PBXProject section */

/* Begin PBXResourcesBuildPhase section */
		04E25A591CCAD9BE00BE8E21 /* Resources */ = {
			isa = PBXResourcesBuildPhase;
			buildActionMask = 2147483647;
			files = (
				04E25A691CCAD9BE00BE8E21 /* LaunchScreen.storyboard in Resources */,
				04E25A661CCAD9BE00BE8E21 /* Assets.xcassets in Resources */,
				04E25A641CCAD9BE00BE8E21 /* Main.storyboard in Resources */,
			);
			runOnlyForDeploymentPostprocessing = 0;
		};
/* End PBXResourcesBuildPhase section */

/* Begin PBXSourcesBuildPhase section */
		04E25A571CCAD9BE00BE8E21 /* Sources */ = {
			isa = PBXSourcesBuildPhase;
			buildActionMask = 2147483647;
			files = (
				04E25A611CCAD9BE00BE8E21 /* ViewController.swift in Sources */,
				04E25A5F1CCAD9BE00BE8E21 /* AppDelegate.swift in Sources */,
			);
			runOnlyForDeploymentPostprocessing = 0;
		};
/* End PBXSourcesBuildPhase section */

/* Begin PBXVariantGroup section */
		04E25A621CCAD9BE00BE8E21 /* Main.storyboard */ = {
			isa = PBXVariantGroup;
			children = (
				04E25A631CCAD9BE00BE8E21 /* Base */,
			);
			name = Main.storyboard;
			sourceTree = "<group>";
		};
		04E25A671CCAD9BE00BE8E21 /* LaunchScreen.storyboard */ = {
			isa = PBXVariantGroup;
			children = (
				04E25A681CCAD9BE00BE8E21 /* Base */,
			);
			name = LaunchScreen.storyboard;
			sourceTree = "<group>";
		};
/* End PBXVariantGroup section */

/* Begin XCBuildConfiguration section */
		04E25A6B1CCAD9BE00BE8E21 /* Debug */ = {
			isa = XCBuildConfiguration;
			buildSettings = {
				ALWAYS_SEARCH_USER_PATHS = NO;
				CLANG_CXX_LANGUAGE_STANDARD = "gnu++0x";
				CLANG_CXX_LIBRARY = "libc++";
				CLANG_ENABLE_MODULES = YES;
				CLANG_ENABLE_OBJC_ARC = YES;
				CLANG_WARN_BOOL_CONVERSION = YES;
				CLANG_WARN_CONSTANT_CONVERSION = YES;
				CLANG_WARN_DIRECT_OBJC_ISA_USAGE = YES_ERROR;
				CLANG_WARN_EMPTY_BODY = YES;
				CLANG_WARN_ENUM_CONVERSION = YES;
				CLANG_WARN_INT_CONVERSION = YES;
				CLANG_WARN_OBJC_ROOT_CLASS = YES_ERROR;
				CLANG_WARN_UNREACHABLE_CODE = YES;
				CLANG_WARN__DUPLICATE_METHOD_MATCH = YES;
				"CODE_SIGN_IDENTITY[sdk=iphoneos*]" = "iPhone Developer";
				COPY_PHASE_STRIP = NO;
				DEBUG_INFORMATION_FORMAT = dwarf;
				ENABLE_STRICT_OBJC_MSGSEND = YES;
				ENABLE_TESTABILITY = YES;
				GCC_C_LANGUAGE_STANDARD = gnu99;
				GCC_DYNAMIC_NO_PIC = NO;
				GCC_NO_COMMON_BLOCKS = YES;
				GCC_OPTIMIZATION_LEVEL = 0;
				GCC_PREPROCESSOR_DEFINITIONS = (
					"DEBUG=1",
					"$(inherited)",
				);
				GCC_WARN_64_TO_32_BIT_CONVERSION = YES;
				GCC_WARN_ABOUT_RETURN_TYPE = YES_ERROR;
				GCC_WARN_UNDECLARED_SELECTOR = YES;
				GCC_WARN_UNINITIALIZED_AUTOS = YES_AGGRESSIVE;
				GCC_WARN_UNUSED_FUNCTION = YES;
				GCC_WARN_UNUSED_VARIABLE = YES;
				IPHONEOS_DEPLOYMENT_TARGET = 9.2;
				MTL_ENABLE_DEBUG_INFO = YES;
				ONLY_ACTIVE_ARCH = YES;
				SDKROOT = iphoneos;
				SWIFT_OPTIMIZATION_LEVEL = "-Onone";
			};
			name = Debug;
		};
		04E25A6C1CCAD9BE00BE8E21 /* Release */ = {
			isa = XCBuildConfiguration;
			buildSettings = {
				ALWAYS_SEARCH_USER_PATHS = NO;
				CLANG_CXX_LANGUAGE_STANDARD = "gnu++0x";
				CLANG_CXX_LIBRARY = "libc++";
				CLANG_ENABLE_MODULES = YES;
				CLANG_ENABLE_OBJC_ARC = YES;
				CLANG_WARN_BOOL_CONVERSION = YES;
				CLANG_WARN_CONSTANT_CONVERSION = YES;
				CLANG_WARN_DIRECT_OBJC_ISA_USAGE = YES_ERROR;
				CLANG_WARN_EMPTY_BODY = YES;
				CLANG_WARN_ENUM_CONVERSION = YES;
				CLANG_WARN_INT_CONVERSION = YES;
				CLANG_WARN_OBJC_ROOT_CLASS = YES_ERROR;
				CLANG_WARN_UNREACHABLE_CODE = YES;
				CLANG_WARN__DUPLICATE_METHOD_MATCH = YES;
				"CODE_SIGN_IDENTITY[sdk=iphoneos*]" = "iPhone Developer";
				COPY_PHASE_STRIP = NO;
				DEBUG_INFORMATION_FORMAT = "dwarf-with-dsym";
				ENABLE_NS_ASSERTIONS = NO;
				ENABLE_STRICT_OBJC_MSGSEND = YES;
				GCC_C_LANGUAGE_STANDARD = gnu99;
				GCC_NO_COMMON_BLOCKS = YES;
				GCC_WARN_64_TO_32_BIT_CONVERSION = YES;
				GCC_WARN_ABOUT_RETURN_TYPE = YES_ERROR;
				GCC_WARN_UNDECLARED_SELECTOR = YES;
				GCC_WARN_UNINITIALIZED_AUTOS = YES_AGGRESSIVE;
				GCC_WARN_UNUSED_FUNCTION = YES;
				GCC_WARN_UNUSED_VARIABLE = YES;
				IPHONEOS_DEPLOYMENT_TARGET = 9.2;
				MTL_ENABLE_DEBUG_INFO = NO;
				SDKROOT = iphoneos;
				VALIDATE_PRODUCT = YES;
			};
			name = Release;
		};
		04E25A6E1CCAD9BE00BE8E21 /* Debug */ = {
			isa = XCBuildConfiguration;
			buildSettings = {
				ASSETCATALOG_COMPILER_APPICON_NAME = AppIcon;
				INFOPLIST_FILE = Something/Info.plist;
				LD_RUNPATH_SEARCH_PATHS = "$(inherited) @executable_path/Frameworks";
				PRODUCT_BUNDLE_IDENTIFIER = com.flyway.Something;
				PRODUCT_NAME = "$(TARGET_NAME)";
			};
			name = Debug;
		};
		04E25A6F1CCAD9BE00BE8E21 /* Release */ = {
			isa = XCBuildConfiguration;
			buildSettings = {
				ASSETCATALOG_COMPILER_APPICON_NAME = AppIcon;
				INFOPLIST_FILE = Something/Info.plist;
				LD_RUNPATH_SEARCH_PATHS = "$(inherited) @executable_path/Frameworks";
				PRODUCT_BUNDLE_IDENTIFIER = com.flyway.Something;
				PRODUCT_NAME = "$(TARGET_NAME)";
			};
			name = Release;
		};
/* End XCBuildConfiguration section */

/* Begin XCConfigurationList section */
		04E25A561CCAD9BE00BE8E21 /* Build configuration list for PBXProject "Something" */ = {
			isa = XCConfigurationList;
			buildConfigurations = (
				04E25A6B1CCAD9BE00BE8E21 /* Debug */,
				04E25A6C1CCAD9BE00BE8E21 /* Release */,
			);
			defaultConfigurationIsVisible = 0;
			defaultConfigurationName = Release;
		};
		04E25A6D1CCAD9BE00BE8E21 /* Build configuration list for PBXNativeTarget "Something" */ = {
			isa = XCConfigurationList;
			buildConfigurations = (
				04E25A6E1CCAD9BE00BE8E21 /* Debug */,
				04E25A6F1CCAD9BE00BE8E21 /* Release */,
			);
			defaultConfigurationIsVisible = 0;
		};
/* End XCConfigurationList section */
	};
	rootObject = 04E25A531CCAD9BE00BE8E21 /* Project object */;
}
